
Microsoft Visual Studio Solution File, Format Version 12.00
# Visual Studio 14
VisualStudioVersion = 14.0.25420.1
MinimumVisualStudioVersion = 10.0.40219.1
Project("{8BC9CEB8-8B4A-11D0-8D11-00A0C91BC942}") = "tdd-experimentation", "tdd-experimentation\tdd-experimentation.vcxproj", "{F3803DEB-D1E2-4B6C-A32D-6C92B7F715B2}"
EndProject
Project("{8BC9CEB8-8B4A-11D0-8D11-00A0C91BC942}") = "Sorting", "Sorting\Sorting.vcxproj", "{D5E1E42E-44AD-41DB-ABDD-DE1B0AC736A1}"
EndProject
Project("{2150E333-8FDC-42A3-9474-1A3956D46DE8}") = "Algorithms", "Algorithms", "{07AEB993-84DB-4E1E-87E2-F5480AEEA619}"
EndProject
Global
	GlobalSection(SolutionConfigurationPlatforms) = preSolution
		Debug|x64 = Debug|x64
		Release|x64 = Release|x64
	EndGlobalSection
	GlobalSection(ProjectConfigurationPlatforms) = postSolution
		{F3803DEB-D1E2-4B6C-A32D-6C92B7F715B2}.Debug|x64.ActiveCfg = Debug|x64
		{F3803DEB-D1E2-4B6C-A32D-6C92B7F715B2}.Debug|x64.Build.0 = Debug|x64
		{F3803DEB-D1E2-4B6C-A32D-6C92B7F715B2}.Release|x64.ActiveCfg = Release|x64
		{D5E1E42E-44AD-41DB-ABDD-DE1B0AC736A1}.Debug|x64.ActiveCfg = Debug|x64
		{D5E1E42E-44AD-41DB-ABDD-DE1B0AC736A1}.Debug|x64.Build.0 = Debug|x64
		{D5E1E42E-44AD-41DB-ABDD-DE1B0AC736A1}.Release|x64.ActiveCfg = Release|x64
		{D5E1E42E-44AD-41DB-ABDD-DE1B0AC736A1}.Release|x64.Build.0 = Release|x64
	EndGlobalSection
	GlobalSection(SolutionProperties) = preSolution
		HideSolutionNode = FALSE
	EndGlobalSection
	GlobalSection(NestedProjects) = preSolution
		{D5E1E42E-44AD-41DB-ABDD-DE1B0AC736A1} = {07AEB993-84DB-4E1E-87E2-F5480AEEA619}
	EndGlobalSection
EndGlobal
