
Microsoft Visual Studio Solution File, Format Version 12.00
# Visual Studio 14
VisualStudioVersion = 14.0.25420.1
MinimumVisualStudioVersion = 10.0.40219.1
Project("{2150E333-8FDC-42A3-9474-1A3956D46DE8}") = "Algorithms", "Algorithms", "{F166C7B8-0AEB-47C0-AD7D-E553CE0E292F}"
EndProject
Project("{8BC9CEB8-8B4A-11D0-8D11-00A0C91BC942}") = "SortingTests", "SortingTests\SortingTests.vcxproj", "{AD810882-F575-4129-B03D-042DC26B6300}"
	ProjectSection(ProjectDependencies) = postProject
		{D5E1E42E-44AD-41DB-ABDD-DE1B0AC736A1} = {D5E1E42E-44AD-41DB-ABDD-DE1B0AC736A1}
	EndProjectSection
EndProject
Project("{8BC9CEB8-8B4A-11D0-8D11-00A0C91BC942}") = "InsertionSort", "Projects\Algorithms\Sorting\InsertionSort\InsertionSort.vcxproj", "{D5E1E42E-44AD-41DB-ABDD-DE1B0AC736A1}"
EndProject
Project("{2150E333-8FDC-42A3-9474-1A3956D46DE8}") = "Sorting", "Sorting", "{5AD73DE5-340B-4222-A375-1D171933C6AE}"
EndProject
Project("{2150E333-8FDC-42A3-9474-1A3956D46DE8}") = "Modern C++ Programming with TDD", "Modern C++ Programming with TDD", "{81EEAEDA-3119-47F3-8ED6-8F7CC546003F}"
EndProject
Project("{8BC9CEB8-8B4A-11D0-8D11-00A0C91BC942}") = "SoundexTests", "Projects\SoundexTests\SoundexTests.vcxproj", "{03ED3936-464A-4D06-9AB6-41F442508B21}"
EndProject
Project("{8BC9CEB8-8B4A-11D0-8D11-00A0C91BC942}") = "Soundex", "Projects\Soundex\Soundex.vcxproj", "{D2BDBC31-FD20-4FEB-AC7B-EEBB6573F626}"
EndProject
Global
	GlobalSection(SolutionConfigurationPlatforms) = preSolution
		Debug|x64 = Debug|x64
		Release|x64 = Release|x64
	EndGlobalSection
	GlobalSection(ProjectConfigurationPlatforms) = postSolution
		{AD810882-F575-4129-B03D-042DC26B6300}.Debug|x64.ActiveCfg = Debug|x64
		{AD810882-F575-4129-B03D-042DC26B6300}.Debug|x64.Build.0 = Debug|x64
		{AD810882-F575-4129-B03D-042DC26B6300}.Release|x64.ActiveCfg = Release|x64
		{AD810882-F575-4129-B03D-042DC26B6300}.Release|x64.Build.0 = Release|x64
		{D5E1E42E-44AD-41DB-ABDD-DE1B0AC736A1}.Debug|x64.ActiveCfg = Debug|x64
		{D5E1E42E-44AD-41DB-ABDD-DE1B0AC736A1}.Debug|x64.Build.0 = Debug|x64
		{D5E1E42E-44AD-41DB-ABDD-DE1B0AC736A1}.Release|x64.ActiveCfg = Release|x64
		{D5E1E42E-44AD-41DB-ABDD-DE1B0AC736A1}.Release|x64.Build.0 = Release|x64
		{03ED3936-464A-4D06-9AB6-41F442508B21}.Debug|x64.ActiveCfg = Debug|x64
		{03ED3936-464A-4D06-9AB6-41F442508B21}.Debug|x64.Build.0 = Debug|x64
		{03ED3936-464A-4D06-9AB6-41F442508B21}.Release|x64.ActiveCfg = Release|x64
		{03ED3936-464A-4D06-9AB6-41F442508B21}.Release|x64.Build.0 = Release|x64
		{D2BDBC31-FD20-4FEB-AC7B-EEBB6573F626}.Debug|x64.ActiveCfg = Debug|x64
		{D2BDBC31-FD20-4FEB-AC7B-EEBB6573F626}.Debug|x64.Build.0 = Debug|x64
		{D2BDBC31-FD20-4FEB-AC7B-EEBB6573F626}.Release|x64.ActiveCfg = Release|x64
		{D2BDBC31-FD20-4FEB-AC7B-EEBB6573F626}.Release|x64.Build.0 = Release|x64
	EndGlobalSection
	GlobalSection(SolutionProperties) = preSolution
		HideSolutionNode = FALSE
	EndGlobalSection
	GlobalSection(NestedProjects) = preSolution
		{AD810882-F575-4129-B03D-042DC26B6300} = {F166C7B8-0AEB-47C0-AD7D-E553CE0E292F}
		{D5E1E42E-44AD-41DB-ABDD-DE1B0AC736A1} = {5AD73DE5-340B-4222-A375-1D171933C6AE}
		{5AD73DE5-340B-4222-A375-1D171933C6AE} = {F166C7B8-0AEB-47C0-AD7D-E553CE0E292F}
		{81EEAEDA-3119-47F3-8ED6-8F7CC546003F} = {F166C7B8-0AEB-47C0-AD7D-E553CE0E292F}
		{03ED3936-464A-4D06-9AB6-41F442508B21} = {81EEAEDA-3119-47F3-8ED6-8F7CC546003F}
		{D2BDBC31-FD20-4FEB-AC7B-EEBB6573F626} = {81EEAEDA-3119-47F3-8ED6-8F7CC546003F}
	EndGlobalSection
EndGlobal
